{
    "version": 3,
    "terraform_version": "0.7.11",
    "serial": 0,
    "lineage": "245bfcf2-623e-4cd7-a49c-93d66bd8132b",
    "modules": [
        {
            "path": [
                "root"
            ],
            "outputs": {},
            "resources": {
                "openstack_compute_secgroup_v2.myproject_as_secgroup": {
                    "type": "openstack_compute_secgroup_v2",
                    "depends_on": [],
                    "primary": {
                        "id": "5657ab5c-32c0-42d1-9c22-3c72c60263c4",
                        "attributes": {
                            "description": "myproject_as_secgroup",
                            "id": "5657ab5c-32c0-42d1-9c22-3c72c60263c4",
                            "name": "myproject_as_secgroup",
                            "rule.#": "1",
                            "rule.836640770.cidr": "0.0.0.0/0",
                            "rule.836640770.from_group_id": "",
                            "rule.836640770.from_port": "22",
                            "rule.836640770.id": "caf0f52a-ec1b-4940-b94d-dad3ecfeb37e",
                            "rule.836640770.ip_protocol": "tcp",
                            "rule.836640770.self": "false",
                            "rule.836640770.to_port": "22"
                        },
                        "meta": {},
                        "tainted": false
                    },
                    "deposed": [],
                    "provider": ""
                },
                "openstack_networking_network_v2.myproject_internal_network": {
                    "type": "openstack_networking_network_v2",
                    "depends_on": [],
                    "primary": {
                        "id": "ee155b5f-6bac-471c-8f5c-30863ee30233",
                        "attributes": {
                            "admin_state_up": "true",
                            "id": "ee155b5f-6bac-471c-8f5c-30863ee30233",
                            "name": "myproject_internal_network",
                            "shared": "false",
                            "tenant_id": "0e03b819ae3344d58656d0a43fc4f91b"
                        },
                        "meta": {},
                        "tainted": false
                    },
                    "deposed": [],
                    "provider": ""
                },
                "openstack_networking_subnet_v2.myproject_internal_subnet": {
                    "type": "openstack_networking_subnet_v2",
                    "depends_on": [
                        "openstack_networking_network_v2.myproject_internal_network"
                    ],
                    "primary": {
                        "id": "07287d28-d8dc-4b63-b6b2-4861931d6903",
                        "attributes": {
                            "cidr": "192.168.201.0/24",
                            "dns_nameservers.#": "2",
                            "dns_nameservers.2803908752": "10.171.30.9",
                            "dns_nameservers.3650173997": "10.171.30.4",
                            "enable_dhcp": "true",
                            "gateway_ip": "192.168.201.1",
                            "host_routes.#": "0",
                            "id": "07287d28-d8dc-4b63-b6b2-4861931d6903",
                            "ip_version": "4",
                            "name": "myproject_internal_subnet",
                            "network_id": "ee155b5f-6bac-471c-8f5c-30863ee30233",
                            "tenant_id": "0e03b819ae3344d58656d0a43fc4f91b"
                        },
                        "meta": {},
                        "tainted": false
                    },
                    "deposed": [],
                    "provider": ""
                }
            },
            "depends_on": []
        }
    ]
}
